// !$*UTF8*$!
{
	archiveVersion = 1;
	classes = {
	};
	objectVersion = 46;
	objects = {

/* Begin PBXBuildFile section */
		ABCD90BAE86E86EBD884931B /* divvyTests.swift in Sources */ = {isa = PBXBuildFile; fileRef = ABCD91C3D6249E268748D1B8 /* divvyTests.swift */; };
		ABCD9194F177A15196F9100F /* Info.plist in Resources */ = {isa = PBXBuildFile; fileRef = ABCD97B70ECC59962A67EA33 /* Info.plist */; };
		ABCD93EC29C2CF2F41B2C259 /* Assets.xcassets in Resources */ = {isa = PBXBuildFile; fileRef = ABCD9E85915A22C3A933B6DE /* Assets.xcassets */; };
		ABCD95453CDB15DD23C58651 /* divvyUITests.swift in Sources */ = {isa = PBXBuildFile; fileRef = ABCD9CC69DDE4D04C16A6611 /* divvyUITests.swift */; };
		ABCD955591480805BB798746 /* DataViewController.swift in Sources */ = {isa = PBXBuildFile; fileRef = ABCD9EA39A3ADE8A1036ED52 /* DataViewController.swift */; };
		ABCD95AB084B3FD2AD22F747 /* RootViewController.swift in Sources */ = {isa = PBXBuildFile; fileRef = ABCD94B86075F400DF36AF02 /* RootViewController.swift */; };
		ABCD961305036CB0D719F417 /* AppDelegate.swift in Sources */ = {isa = PBXBuildFile; fileRef = ABCD96CE6A93F3A234211461 /* AppDelegate.swift */; };
		ABCD97CC55ED46F1F3AAF630 /* ModelController.swift in Sources */ = {isa = PBXBuildFile; fileRef = ABCD9F36FF234F55308CD538 /* ModelController.swift */; };
		ABCD9854E345F1371D71A50E /* Main.storyboard in Resources */ = {isa = PBXBuildFile; fileRef = ABCD993D8B44F36E53ED0306 /* Main.storyboard */; };
		ABCD994B16494F21BBE48E2C /* Info.plist in Resources */ = {isa = PBXBuildFile; fileRef = ABCD9864AA85B93041C84B87 /* Info.plist */; };
		ABCD999E967587249EAC0BCB /* LaunchScreen.storyboard in Resources */ = {isa = PBXBuildFile; fileRef = ABCD95700634C41254679FEC /* LaunchScreen.storyboard */; };
		ABCD9F88CEA61C4D667619AC /* Info.plist in Resources */ = {isa = PBXBuildFile; fileRef = ABCD9082C9B9B0124003F209 /* Info.plist */; };
/* End PBXBuildFile section */

/* Begin PBXContainerItemProxy section */
		ABCD9073C8D0490F6CAFF3C8 /* PBXContainerItemProxy */ = {
			isa = PBXContainerItemProxy;
			containerPortal = ABCD9ADBD7FFC2C1C49CF603 /* Project object */;
			proxyType = 1;
			remoteGlobalIDString = ABCD90277F884FAD407F8472;
			remoteInfo = divvy;
		};
		ABCD92610A1F3441065567CC /* PBXContainerItemProxy */ = {
			isa = PBXContainerItemProxy;
			containerPortal = ABCD9ADBD7FFC2C1C49CF603 /* Project object */;
			proxyType = 1;
			remoteGlobalIDString = ABCD90277F884FAD407F8472;
			remoteInfo = divvy;
		};
/* End PBXContainerItemProxy section */

/* Begin PBXFileReference section */
		ABCD9082C9B9B0124003F209 /* Info.plist */ = {isa = PBXFileReference; lastKnownFileType = text.plist.info; path = Info.plist; sourceTree = "<group>"; };
		ABCD91C3D6249E268748D1B8 /* divvyTests.swift */ = {isa = PBXFileReference; lastKnownFileType = sourcecode.swift; path = divvyTests.swift; sourceTree = "<group>"; };
		ABCD91E8FAC5282813742963 /* divvy.app */ = {isa = PBXFileReference; explicitFileType = wrapper.application; includeInIndex = 0; path = divvy.app; sourceTree = BUILT_PRODUCTS_DIR; };
		ABCD92110580D3F120E6E9B0 /* Base */ = {isa = PBXFileReference; lastKnownFileType = file.storyboard; name = Base; path = Base.lproj/LaunchScreen.storyboard; sourceTree = "<group>"; };
		ABCD94B86075F400DF36AF02 /* RootViewController.swift */ = {isa = PBXFileReference; lastKnownFileType = sourcecode.swift; path = RootViewController.swift; sourceTree = "<group>"; };
		ABCD96CE6A93F3A234211461 /* AppDelegate.swift */ = {isa = PBXFileReference; lastKnownFileType = sourcecode.swift; path = AppDelegate.swift; sourceTree = "<group>"; };
		ABCD97B70ECC59962A67EA33 /* Info.plist */ = {isa = PBXFileReference; lastKnownFileType = text.plist.info; path = Info.plist; sourceTree = "<group>"; };
		ABCD9804B5DC88D76F972F6C /* divvyTests.xctest */ = {isa = PBXFileReference; explicitFileType = wrapper.cfbundle; includeInIndex = 0; path = divvyTests.xctest; sourceTree = BUILT_PRODUCTS_DIR; };
		ABCD984A7C614887A7362282 /* divvyUITests.xctest */ = {isa = PBXFileReference; explicitFileType = wrapper.cfbundle; includeInIndex = 0; path = divvyUITests.xctest; sourceTree = BUILT_PRODUCTS_DIR; };
		ABCD9864AA85B93041C84B87 /* Info.plist */ = {isa = PBXFileReference; lastKnownFileType = text.plist.info; path = Info.plist; sourceTree = "<group>"; };
		ABCD9CC69DDE4D04C16A6611 /* divvyUITests.swift */ = {isa = PBXFileReference; lastKnownFileType = sourcecode.swift; path = divvyUITests.swift; sourceTree = "<group>"; };
		ABCD9E85915A22C3A933B6DE /* Assets.xcassets */ = {isa = PBXFileReference; lastKnownFileType = folder.assetcatalog; path = Assets.xcassets; sourceTree = "<group>"; };
		ABCD9EA39A3ADE8A1036ED52 /* DataViewController.swift */ = {isa = PBXFileReference; lastKnownFileType = sourcecode.swift; path = DataViewController.swift; sourceTree = "<group>"; };
		ABCD9F36FF234F55308CD538 /* ModelController.swift */ = {isa = PBXFileReference; lastKnownFileType = sourcecode.swift; path = ModelController.swift; sourceTree = "<group>"; };
		ABCD9FE25435C8B676A59D97 /* Base */ = {isa = PBXFileReference; lastKnownFileType = file.storyboard; name = Base; path = Base.lproj/Main.storyboard; sourceTree = "<group>"; };
/* End PBXFileReference section */

/* Begin PBXFrameworksBuildPhase section */
		ABCD955A4B761FEDC8677C29 /* Frameworks */ = {
			isa = PBXFrameworksBuildPhase;
			buildActionMask = 2147483647;
			files = (
			);
			runOnlyForDeploymentPostprocessing = 0;
		};
		ABCD985D077548AA154F1523 /* Frameworks */ = {
			isa = PBXFrameworksBuildPhase;
			buildActionMask = 2147483647;
			files = (
			);
			runOnlyForDeploymentPostprocessing = 0;
		};
		ABCD9E0AC37FECDE26710504 /* Frameworks */ = {
			isa = PBXFrameworksBuildPhase;
			buildActionMask = 2147483647;
			files = (
			);
			runOnlyForDeploymentPostprocessing = 0;
		};
/* End PBXFrameworksBuildPhase section */

/* Begin PBXGroup section */
		ABCD915DA3039F5F52F68AF1 = {
			isa = PBXGroup;
			children = (
				ABCD9C11009ADDC02AFBAEB2 /* Products */,
				ABCD988B880AFA6A4DFE5470 /* divvy */,
				ABCD9A9E62DF5ACF93FDAB32 /* divvyTests */,
				ABCD9A73B3A148CAB10BD182 /* divvyUITests */,
			);
			sourceTree = "<group>";
		};
		ABCD988B880AFA6A4DFE5470 /* divvy */ = {
			isa = PBXGroup;
			children = (
				ABCD9864AA85B93041C84B87 /* Info.plist */,
				ABCD9E85915A22C3A933B6DE /* Assets.xcassets */,
				ABCD95700634C41254679FEC /* LaunchScreen.storyboard */,
				ABCD96CE6A93F3A234211461 /* AppDelegate.swift */,
				ABCD993D8B44F36E53ED0306 /* Main.storyboard */,
				ABCD94B86075F400DF36AF02 /* RootViewController.swift */,
				ABCD9EA39A3ADE8A1036ED52 /* DataViewController.swift */,
				ABCD9F36FF234F55308CD538 /* ModelController.swift */,
			);
			path = divvy;
			sourceTree = "<group>";
		};
		ABCD9A73B3A148CAB10BD182 /* divvyUITests */ = {
			isa = PBXGroup;
			children = (
				ABCD9082C9B9B0124003F209 /* Info.plist */,
				ABCD9CC69DDE4D04C16A6611 /* divvyUITests.swift */,
			);
			path = divvyUITests;
			sourceTree = "<group>";
		};
		ABCD9A9E62DF5ACF93FDAB32 /* divvyTests */ = {
			isa = PBXGroup;
			children = (
				ABCD97B70ECC59962A67EA33 /* Info.plist */,
				ABCD91C3D6249E268748D1B8 /* divvyTests.swift */,
			);
			path = divvyTests;
			sourceTree = "<group>";
		};
		ABCD9C11009ADDC02AFBAEB2 /* Products */ = {
			isa = PBXGroup;
			children = (
				ABCD91E8FAC5282813742963 /* divvy.app */,
				ABCD9804B5DC88D76F972F6C /* divvyTests.xctest */,
				ABCD984A7C614887A7362282 /* divvyUITests.xctest */,
			);
			name = Products;
			sourceTree = "<group>";
		};
/* End PBXGroup section */

/* Begin PBXNativeTarget section */
		ABCD90277F884FAD407F8472 /* divvy */ = {
			isa = PBXNativeTarget;
			buildConfigurationList = ABCD904E3FC120EB78E3D6E0 /* Build configuration list for PBXNativeTarget "divvy" */;
			buildPhases = (
				ABCD956BBDF0FE2A38A7F5EC /* Sources */,
				ABCD955A4B761FEDC8677C29 /* Frameworks */,
				ABCD9E4250EEA1C3865322CC /* Resources */,
			);
			buildRules = (
			);
			dependencies = (
			);
			name = divvy;
			productName = divvy;
			productReference = ABCD91E8FAC5282813742963 /* divvy.app */;
			productType = "com.apple.product-type.application";
		};
		ABCD948978AD6546EC8F91DC /* divvyUITests */ = {
			isa = PBXNativeTarget;
			buildConfigurationList = ABCD9687391CBE1DB3C93A30 /* Build configuration list for PBXNativeTarget "divvyUITests" */;
			buildPhases = (
				ABCD973593E3C3B13EACC8CD /* Sources */,
				ABCD9E0AC37FECDE26710504 /* Frameworks */,
				ABCD98F4850D45290D81B813 /* Resources */,
			);
			buildRules = (
			);
			dependencies = (
				ABCD9BF63FFAF59B0BCEA236 /* PBXTargetDependency */,
			);
			name = divvyUITests;
			productName = divvyUITests;
			productReference = ABCD984A7C614887A7362282 /* divvyUITests.xctest */;
			productType = "com.apple.product-type.bundle.ui-testing";
		};
		ABCD977444F173279E288C4D /* divvyTests */ = {
			isa = PBXNativeTarget;
			buildConfigurationList = ABCD91DDE108E3144F477426 /* Build configuration list for PBXNativeTarget "divvyTests" */;
			buildPhases = (
				ABCD94BA0F1E81AE5C787C75 /* Sources */,
				ABCD985D077548AA154F1523 /* Frameworks */,
				ABCD9C2A6CB76CCEE1E6120A /* Resources */,
			);
			buildRules = (
			);
			dependencies = (
				ABCD91F1405CE92C27B23100 /* PBXTargetDependency */,
			);
			name = divvyTests;
			productName = divvyTests;
			productReference = ABCD9804B5DC88D76F972F6C /* divvyTests.xctest */;
			productType = "com.apple.product-type.bundle.unit-test";
		};
/* End PBXNativeTarget section */

/* Begin PBXProject section */
		ABCD9ADBD7FFC2C1C49CF603 /* Project object */ = {
			isa = PBXProject;
			attributes = {
				ORGANIZATIONNAME = "___MOD8___";
			};
			buildConfigurationList = ABCD9869894036689E484D25 /* Build configuration list for PBXProject "divvy" */;
			compatibilityVersion = "Xcode 3.2";
			developmentRegion = English;
			hasScannedForEncodings = 0;
			knownRegions = (
				en,
			);
			mainGroup = ABCD915DA3039F5F52F68AF1;
			productRefGroup = ABCD9C11009ADDC02AFBAEB2 /* Products */;
			projectDirPath = "";
			projectRoot = "";
			targets = (
				ABCD90277F884FAD407F8472 /* divvy */,
				ABCD977444F173279E288C4D /* divvyTests */,
				ABCD948978AD6546EC8F91DC /* divvyUITests */,
			);
		};
/* End PBXProject section */

/* Begin PBXResourcesBuildPhase section */
		ABCD98F4850D45290D81B813 /* Resources */ = {
			isa = PBXResourcesBuildPhase;
			buildActionMask = 2147483647;
			files = (
				ABCD9F88CEA61C4D667619AC /* Info.plist in Resources */,
			);
			runOnlyForDeploymentPostprocessing = 0;
		};
		ABCD9C2A6CB76CCEE1E6120A /* Resources */ = {
			isa = PBXResourcesBuildPhase;
			buildActionMask = 2147483647;
			files = (
				ABCD9194F177A15196F9100F /* Info.plist in Resources */,
			);
			runOnlyForDeploymentPostprocessing = 0;
		};
		ABCD9E4250EEA1C3865322CC /* Resources */ = {
			isa = PBXResourcesBuildPhase;
			buildActionMask = 2147483647;
			files = (
				ABCD994B16494F21BBE48E2C /* Info.plist in Resources */,
				ABCD93EC29C2CF2F41B2C259 /* Assets.xcassets in Resources */,
				ABCD999E967587249EAC0BCB /* LaunchScreen.storyboard in Resources */,
				ABCD9854E345F1371D71A50E /* Main.storyboard in Resources */,
			);
			runOnlyForDeploymentPostprocessing = 0;
		};
/* End PBXResourcesBuildPhase section */

/* Begin PBXSourcesBuildPhase section */
		ABCD94BA0F1E81AE5C787C75 /* Sources */ = {
			isa = PBXSourcesBuildPhase;
			buildActionMask = 2147483647;
			files = (
				ABCD90BAE86E86EBD884931B /* divvyTests.swift in Sources */,
			);
			runOnlyForDeploymentPostprocessing = 0;
		};
		ABCD956BBDF0FE2A38A7F5EC /* Sources */ = {
			isa = PBXSourcesBuildPhase;
			buildActionMask = 2147483647;
			files = (
				ABCD961305036CB0D719F417 /* AppDelegate.swift in Sources */,
				ABCD95AB084B3FD2AD22F747 /* RootViewController.swift in Sources */,
				ABCD955591480805BB798746 /* DataViewController.swift in Sources */,
				ABCD97CC55ED46F1F3AAF630 /* ModelController.swift in Sources */,
			);
			runOnlyForDeploymentPostprocessing = 0;
		};
		ABCD973593E3C3B13EACC8CD /* Sources */ = {
			isa = PBXSourcesBuildPhase;
			buildActionMask = 2147483647;
			files = (
				ABCD95453CDB15DD23C58651 /* divvyUITests.swift in Sources */,
			);
			runOnlyForDeploymentPostprocessing = 0;
		};
/* End PBXSourcesBuildPhase section */

/* Begin PBXTargetDependency section */
		ABCD91F1405CE92C27B23100 /* PBXTargetDependency */ = {
			isa = PBXTargetDependency;
			target = ABCD90277F884FAD407F8472 /* divvy */;
			targetProxy = ABCD92610A1F3441065567CC /* PBXContainerItemProxy */;
		};
		ABCD9BF63FFAF59B0BCEA236 /* PBXTargetDependency */ = {
			isa = PBXTargetDependency;
			target = ABCD90277F884FAD407F8472 /* divvy */;
			targetProxy = ABCD9073C8D0490F6CAFF3C8 /* PBXContainerItemProxy */;
		};
/* End PBXTargetDependency section */

/* Begin PBXVariantGroup section */
		ABCD95700634C41254679FEC /* LaunchScreen.storyboard */ = {
			isa = PBXVariantGroup;
			children = (
				ABCD92110580D3F120E6E9B0 /* Base */,
			);
			name = LaunchScreen.storyboard;
			sourceTree = "<group>";
		};
		ABCD993D8B44F36E53ED0306 /* Main.storyboard */ = {
			isa = PBXVariantGroup;
			children = (
				ABCD9FE25435C8B676A59D97 /* Base */,
			);
			name = Main.storyboard;
			sourceTree = "<group>";
		};
/* End PBXVariantGroup section */

/* Begin XCBuildConfiguration section */
		ABCD928F192516672DA4C038 /* Debug */ = {
			isa = XCBuildConfiguration;
			buildSettings = {
				ALWAYS_SEARCH_USER_PATHS = NO;
				CLANG_ANALYZER_NONNULL = YES;
				CLANG_CXX_LANGUAGE_STANDARD = "gnu++0x";
				CLANG_CXX_LIBRARY = "libc++";
				CLANG_ENABLE_MODULES = YES;
				CLANG_ENABLE_OBJC_ARC = YES;
				CLANG_WARN_BOOL_CONVERSION = YES;
				CLANG_WARN_CONSTANT_CONVERSION = YES;
				CLANG_WARN_DIRECT_OBJC_ISA_USAGE = YES_ERROR;
				CLANG_WARN_DOCUMENTATION_COMMENTS = YES;
				CLANG_WARN_EMPTY_BODY = YES;
				CLANG_WARN_ENUM_CONVERSION = YES;
				CLANG_WARN_INFINITE_RECURSION = YES;
				CLANG_WARN_INT_CONVERSION = YES;
				CLANG_WARN_OBJC_ROOT_CLASS = YES_ERROR;
				CLANG_WARN_SUSPICIOUS_MOVES = YES;
				CLANG_WARN_UNREACHABLE_CODE = YES;
				CLANG_WARN__DUPLICATE_METHOD_MATCH = YES;
				"CODE_SIGN_IDENTITY[sdk=iphoneos*]" = "iPhone Developer";
				COPY_PHASE_STRIP = NO;
				DEBUG_INFORMATION_FORMAT = dwarf;
				ENABLE_STRICT_OBJC_MSGSEND = YES;
				ENABLE_TESTABILITY = YES;
				GCC_C_LANGUAGE_STANDARD = gnu99;
				GCC_DYNAMIC_NO_PIC = NO;
				GCC_NO_COMMON_BLOCKS = YES;
				GCC_OPTIMIZATION_LEVEL = 0;
				GCC_PREPROCESSOR_DEFINITIONS = (
					"DEBUG=1",
					"$(inherited)",
				);
				GCC_WARN_64_TO_32_BIT_CONVERSION = YES;
				GCC_WARN_ABOUT_RETURN_TYPE = YES_ERROR;
				GCC_WARN_UNDECLARED_SELECTOR = YES;
				GCC_WARN_UNINITIALIZED_AUTOS = YES_AGGRESSIVE;
				GCC_WARN_UNUSED_FUNCTION = YES;
				GCC_WARN_UNUSED_VARIABLE = YES;
				IPHONEOS_DEPLOYMENT_TARGET = 10.1;
				MTL_ENABLE_DEBUG_INFO = YES;
				ONLY_ACTIVE_ARCH = YES;
				SDKROOT = iphoneos;
				SWIFT_ACTIVE_COMPILATION_CONDITIONS = DEBUG;
				SWIFT_OPTIMIZATION_LEVEL = "-Onone";
			};
			name = Debug;
		};
		ABCD9545FC105AE9C125FBFF /* Release */ = {
			isa = XCBuildConfiguration;
			buildSettings = {
				ASSETCATALOG_COMPILER_APPICON_NAME = AppIcon;
				INFOPLIST_FILE = divvy/Info.plist;
				LD_RUNPATH_SEARCH_PATHS = "$(inherited) @executable_path/Frameworks";
				PRODUCT_BUNDLE_IDENTIFIER = mod8.divvy;
				PRODUCT_NAME = "$(TARGET_NAME)";
				SWIFT_VERSION = 3.0;
			};
			name = Release;
		};
		ABCD955844F09C7EA8F1CDAF /* Release */ = {
			isa = XCBuildConfiguration;
			buildSettings = {
				ALWAYS_SEARCH_USER_PATHS = NO;
				CLANG_ANALYZER_NONNULL = YES;
				CLANG_CXX_LANGUAGE_STANDARD = "gnu++0x";
				CLANG_CXX_LIBRARY = "libc++";
				CLANG_ENABLE_MODULES = YES;
				CLANG_ENABLE_OBJC_ARC = YES;
				CLANG_WARN_BOOL_CONVERSION = YES;
				CLANG_WARN_CONSTANT_CONVERSION = YES;
				CLANG_WARN_DIRECT_OBJC_ISA_USAGE = YES_ERROR;
				CLANG_WARN_DOCUMENTATION_COMMENTS = YES;
				CLANG_WARN_EMPTY_BODY = YES;
				CLANG_WARN_ENUM_CONVERSION = YES;
				CLANG_WARN_INFINITE_RECURSION = YES;
				CLANG_WARN_INT_CONVERSION = YES;
				CLANG_WARN_OBJC_ROOT_CLASS = YES_ERROR;
				CLANG_WARN_SUSPICIOUS_MOVES = YES;
				CLANG_WARN_UNREACHABLE_CODE = YES;
				CLANG_WARN__DUPLICATE_METHOD_MATCH = YES;
				"CODE_SIGN_IDENTITY[sdk=iphoneos*]" = "iPhone Developer";
				COPY_PHASE_STRIP = NO;
				DEBUG_INFORMATION_FORMAT = "dwarf-with-dsym";
				ENABLE_NS_ASSERTIONS = NO;
				ENABLE_STRICT_OBJC_MSGSEND = YES;
				GCC_C_LANGUAGE_STANDARD = gnu99;
				GCC_NO_COMMON_BLOCKS = YES;
				GCC_WARN_64_TO_32_BIT_CONVERSION = YES;
				GCC_WARN_ABOUT_RETURN_TYPE = YES_ERROR;
				GCC_WARN_UNDECLARED_SELECTOR = YES;
				GCC_WARN_UNINITIALIZED_AUTOS = YES_AGGRESSIVE;
				GCC_WARN_UNUSED_FUNCTION = YES;
				GCC_WARN_UNUSED_VARIABLE = YES;
				IPHONEOS_DEPLOYMENT_TARGET = 10.1;
				MTL_ENABLE_DEBUG_INFO = NO;
				SDKROOT = iphoneos;
				SWIFT_OPTIMIZATION_LEVEL = "-Owholemodule";
				VALIDATE_PRODUCT = YES;
			};
			name = Release;
		};
		ABCD96409B7B1BD7CDFC7E45 /* Debug */ = {
			isa = XCBuildConfiguration;
			buildSettings = {
				INFOPLIST_FILE = divvyUITests/Info.plist;
				LD_RUNPATH_SEARCH_PATHS = "$(inherited) @executable_path/Frameworks @loader_path/Frameworks";
				PRODUCT_BUNDLE_IDENTIFIER = mod8.divvyUITests;
				PRODUCT_NAME = "$(TARGET_NAME)";
				SWIFT_VERSION = 3.0;
				TEST_TARGET_NAME = divvy;
			};
			name = Debug;
		};
		ABCD9A90FF07451A53F6EF8F /* Debug */ = {
			isa = XCBuildConfiguration;
			buildSettings = {
				BUNDLE_LOADER = "$(BUILT_PRODUCTS_DIR)/divvy.app/divvy";
				INFOPLIST_FILE = divvyTests/Info.plist;
				LD_RUNPATH_SEARCH_PATHS = "$(inherited) @executable_path/Frameworks @loader_path/Frameworks";
				PRODUCT_BUNDLE_IDENTIFIER = mod8.divvyTests;
				PRODUCT_NAME = "$(TARGET_NAME)";
				SWIFT_VERSION = 3.0;
				TEST_HOST = "$(BUNDLE_LOADER)";
			};
			name = Debug;
		};
		ABCD9B49264613C44B2EB46D /* Debug */ = {
			isa = XCBuildConfiguration;
			buildSettings = {
				ASSETCATALOG_COMPILER_APPICON_NAME = AppIcon;
				INFOPLIST_FILE = divvy/Info.plist;
				LD_RUNPATH_SEARCH_PATHS = "$(inherited) @executable_path/Frameworks";
				PRODUCT_BUNDLE_IDENTIFIER = mod8.divvy;
				PRODUCT_NAME = "$(TARGET_NAME)";
				SWIFT_VERSION = 3.0;
			};
			name = Debug;
		};
		ABCD9C55D0BDF73BE83C9650 /* Release */ = {
			isa = XCBuildConfiguration;
			buildSettings = {
				BUNDLE_LOADER = "$(BUILT_PRODUCTS_DIR)/divvy.app/divvy";
				INFOPLIST_FILE = divvyTests/Info.plist;
				LD_RUNPATH_SEARCH_PATHS = "$(inherited) @executable_path/Frameworks @loader_path/Frameworks";
				PRODUCT_BUNDLE_IDENTIFIER = mod8.divvyTests;
				PRODUCT_NAME = "$(TARGET_NAME)";
				SWIFT_VERSION = 3.0;
				TEST_HOST = "$(BUNDLE_LOADER)";
			};
			name = Release;
		};
		ABCD9D4397012B6F1DA05D5C /* Release */ = {
			isa = XCBuildConfiguration;
			buildSettings = {
				INFOPLIST_FILE = divvyUITests/Info.plist;
				LD_RUNPATH_SEARCH_PATHS = "$(inherited) @executable_path/Frameworks @loader_path/Frameworks";
				PRODUCT_BUNDLE_IDENTIFIER = mod8.divvyUITests;
				PRODUCT_NAME = "$(TARGET_NAME)";
				SWIFT_VERSION = 3.0;
				TEST_TARGET_NAME = divvy;
			};
			name = Release;
		};
/* End XCBuildConfiguration section */

/* Begin XCConfigurationList section */
		ABCD904E3FC120EB78E3D6E0 /* Build configuration list for PBXNativeTarget "divvy" */ = {
			isa = XCConfigurationList;
			buildConfigurations = (
				ABCD9B49264613C44B2EB46D /* Debug */,
				ABCD9545FC105AE9C125FBFF /* Release */,
			);
			defaultConfigurationIsVisible = 0;
		};
		ABCD91DDE108E3144F477426 /* Build configuration list for PBXNativeTarget "divvyTests" */ = {
			isa = XCConfigurationList;
			buildConfigurations = (
				ABCD9A90FF07451A53F6EF8F /* Debug */,
				ABCD9C55D0BDF73BE83C9650 /* Release */,
			);
			defaultConfigurationIsVisible = 0;
		};
		ABCD9687391CBE1DB3C93A30 /* Build configuration list for PBXNativeTarget "divvyUITests" */ = {
			isa = XCConfigurationList;
			buildConfigurations = (
				ABCD96409B7B1BD7CDFC7E45 /* Debug */,
				ABCD9D4397012B6F1DA05D5C /* Release */,
			);
			defaultConfigurationIsVisible = 0;
		};
		ABCD9869894036689E484D25 /* Build configuration list for PBXProject "divvy" */ = {
			isa = XCConfigurationList;
			buildConfigurations = (
				ABCD928F192516672DA4C038 /* Debug */,
				ABCD955844F09C7EA8F1CDAF /* Release */,
			);
			defaultConfigurationIsVisible = 0;
			defaultConfigurationName = Release;
		};
/* End XCConfigurationList section */
	};
	rootObject = ABCD9ADBD7FFC2C1C49CF603 /* Project object */;
}
